// !$*UTF8*$!
{
	archiveVersion = 1;
	classes = {
	};
	objectVersion = 46;
	objects = {

/* Begin PBXBuildFile section */
		9409BCD328FDEFAF002B5761 /* IntegrationTestClass.m in Sources */ = {isa = PBXBuildFile; fileRef = 944C7B871EA2648A003A06C4 /* IntegrationTestClass.m */; };
		9409BCD428FDF0A1002B5761 /* SwizzleanIntegrationSpec.m in Sources */ = {isa = PBXBuildFile; fileRef = 944C7B891EA26492003A06C4 /* SwizzleanIntegrationSpec.m */; };
		944C7B531EA260D2003A06C4 /* RuntimeUtils.h in Headers */ = {isa = PBXBuildFile; fileRef = 944C7B4F1EA260D2003A06C4 /* RuntimeUtils.h */; settings = {ATTRIBUTES = (Private, ); }; };
		944C7B541EA260D2003A06C4 /* RuntimeUtils.m in Sources */ = {isa = PBXBuildFile; fileRef = 944C7B501EA260D2003A06C4 /* RuntimeUtils.m */; };
		944C7B551EA260D2003A06C4 /* Swizzlean.h in Headers */ = {isa = PBXBuildFile; fileRef = 944C7B511EA260D2003A06C4 /* Swizzlean.h */; settings = {ATTRIBUTES = (Public, ); }; };
		944C7B561EA260D2003A06C4 /* Swizzlean.m in Sources */ = {isa = PBXBuildFile; fileRef = 944C7B521EA260D2003A06C4 /* Swizzlean.m */; };
		944C7B621EA261E5003A06C4 /* Swizzlean.framework in Frameworks */ = {isa = PBXBuildFile; fileRef = 944C7B461EA25FB5003A06C4 /* Swizzlean.framework */; };
		944C7B6C1EA26251003A06C4 /* FakeRuntimeUtils.m in Sources */ = {isa = PBXBuildFile; fileRef = 944C7B6B1EA26251003A06C4 /* FakeRuntimeUtils.m */; };
		944C7B6F1EA26270003A06C4 /* RuntimeUtilsSpec.m in Sources */ = {isa = PBXBuildFile; fileRef = 944C7B6D1EA26270003A06C4 /* RuntimeUtilsSpec.m */; };
		944C7B701EA26270003A06C4 /* SwizzleanSpec.m in Sources */ = {isa = PBXBuildFile; fileRef = 944C7B6E1EA26270003A06C4 /* SwizzleanSpec.m */; };
		944C7B731EA26277003A06C4 /* TestClass.m in Sources */ = {isa = PBXBuildFile; fileRef = 944C7B721EA26277003A06C4 /* TestClass.m */; };
		970477ACA2B27A3B23D3C1E9 /* libPods-Specs.a in Frameworks */ = {isa = PBXBuildFile; fileRef = 72A6D53B330DF5942EDE5D70 /* libPods-Specs.a */; };
/* End PBXBuildFile section */

/* Begin PBXContainerItemProxy section */
		944C7B631EA261E5003A06C4 /* PBXContainerItemProxy */ = {
			isa = PBXContainerItemProxy;
			containerPortal = AF32F069174671D400EC79F7 /* Project object */;
			proxyType = 1;
			remoteGlobalIDString = 944C7B451EA25FB5003A06C4;
			remoteInfo = Swizzlean;
		};
/* End PBXContainerItemProxy section */

/* Begin PBXFileReference section */
		087B7D7E1C2B7E5D299D0016 /* Pods-IntegrationSpecs.debug.xcconfig */ = {isa = PBXFileReference; includeInIndex = 1; lastKnownFileType = text.xcconfig; name = "Pods-IntegrationSpecs.debug.xcconfig"; path = "Pods/Target Support Files/Pods-IntegrationSpecs/Pods-IntegrationSpecs.debug.xcconfig"; sourceTree = "<group>"; };
		49F0A343DC95C9BB40D5243E /* libPods-IntegrationSpecs.a */ = {isa = PBXFileReference; explicitFileType = archive.ar; includeInIndex = 0; path = "libPods-IntegrationSpecs.a"; sourceTree = BUILT_PRODUCTS_DIR; };
		72A6D53B330DF5942EDE5D70 /* libPods-Specs.a */ = {isa = PBXFileReference; explicitFileType = archive.ar; includeInIndex = 0; path = "libPods-Specs.a"; sourceTree = BUILT_PRODUCTS_DIR; };
		9409BCD528FDF1F8002B5761 /* Package.swift */ = {isa = PBXFileReference; fileEncoding = 4; lastKnownFileType = sourcecode.swift; path = Package.swift; sourceTree = "<group>"; };
		944C7B461EA25FB5003A06C4 /* Swizzlean.framework */ = {isa = PBXFileReference; explicitFileType = wrapper.framework; includeInIndex = 0; path = Swizzlean.framework; sourceTree = BUILT_PRODUCTS_DIR; };
		944C7B491EA25FB5003A06C4 /* Info.plist */ = {isa = PBXFileReference; lastKnownFileType = text.plist.xml; path = Info.plist; sourceTree = "<group>"; };
		944C7B4F1EA260D2003A06C4 /* RuntimeUtils.h */ = {isa = PBXFileReference; fileEncoding = 4; lastKnownFileType = sourcecode.c.h; path = RuntimeUtils.h; sourceTree = "<group>"; };
		944C7B501EA260D2003A06C4 /* RuntimeUtils.m */ = {isa = PBXFileReference; fileEncoding = 4; lastKnownFileType = sourcecode.c.objc; path = RuntimeUtils.m; sourceTree = "<group>"; };
		944C7B511EA260D2003A06C4 /* Swizzlean.h */ = {isa = PBXFileReference; fileEncoding = 4; lastKnownFileType = sourcecode.c.h; path = Swizzlean.h; sourceTree = "<group>"; };
		944C7B521EA260D2003A06C4 /* Swizzlean.m */ = {isa = PBXFileReference; fileEncoding = 4; lastKnownFileType = sourcecode.c.objc; path = Swizzlean.m; sourceTree = "<group>"; };
		944C7B5D1EA261E5003A06C4 /* Specs.xctest */ = {isa = PBXFileReference; explicitFileType = wrapper.cfbundle; includeInIndex = 0; path = Specs.xctest; sourceTree = BUILT_PRODUCTS_DIR; };
		944C7B611EA261E5003A06C4 /* Info.plist */ = {isa = PBXFileReference; lastKnownFileType = text.plist.xml; path = Info.plist; sourceTree = "<group>"; };
		944C7B6A1EA26251003A06C4 /* FakeRuntimeUtils.h */ = {isa = PBXFileReference; fileEncoding = 4; lastKnownFileType = sourcecode.c.h; path = FakeRuntimeUtils.h; sourceTree = "<group>"; };
		944C7B6B1EA26251003A06C4 /* FakeRuntimeUtils.m */ = {isa = PBXFileReference; fileEncoding = 4; lastKnownFileType = sourcecode.c.objc; path = FakeRuntimeUtils.m; sourceTree = "<group>"; };
		944C7B6D1EA26270003A06C4 /* RuntimeUtilsSpec.m */ = {isa = PBXFileReference; fileEncoding = 4; lastKnownFileType = sourcecode.c.objc; path = RuntimeUtilsSpec.m; sourceTree = "<group>"; };
		944C7B6E1EA26270003A06C4 /* SwizzleanSpec.m */ = {isa = PBXFileReference; fileEncoding = 4; lastKnownFileType = sourcecode.c.objc; path = SwizzleanSpec.m; sourceTree = "<group>"; };
		944C7B711EA26277003A06C4 /* TestClass.h */ = {isa = PBXFileReference; fileEncoding = 4; lastKnownFileType = sourcecode.c.h; path = TestClass.h; sourceTree = "<group>"; };
		944C7B721EA26277003A06C4 /* TestClass.m */ = {isa = PBXFileReference; fileEncoding = 4; lastKnownFileType = sourcecode.c.objc; path = TestClass.m; sourceTree = "<group>"; };
		944C7B861EA2648A003A06C4 /* IntegrationTestClass.h */ = {isa = PBXFileReference; fileEncoding = 4; lastKnownFileType = sourcecode.c.h; path = IntegrationTestClass.h; sourceTree = "<group>"; };
		944C7B871EA2648A003A06C4 /* IntegrationTestClass.m */ = {isa = PBXFileReference; fileEncoding = 4; lastKnownFileType = sourcecode.c.objc; path = IntegrationTestClass.m; sourceTree = "<group>"; };
		944C7B891EA26492003A06C4 /* SwizzleanIntegrationSpec.m */ = {isa = PBXFileReference; fileEncoding = 4; lastKnownFileType = sourcecode.c.objc; path = SwizzleanIntegrationSpec.m; sourceTree = "<group>"; };
		953C1BE9EEF224D75E11E569 /* Pods-Specs.release.xcconfig */ = {isa = PBXFileReference; includeInIndex = 1; lastKnownFileType = text.xcconfig; name = "Pods-Specs.release.xcconfig"; path = "Pods/Target Support Files/Pods-Specs/Pods-Specs.release.xcconfig"; sourceTree = "<group>"; };
		DBCAFF6777107717CD828CD3 /* Pods-IntegrationSpecs.release.xcconfig */ = {isa = PBXFileReference; includeInIndex = 1; lastKnownFileType = text.xcconfig; name = "Pods-IntegrationSpecs.release.xcconfig"; path = "Pods/Target Support Files/Pods-IntegrationSpecs/Pods-IntegrationSpecs.release.xcconfig"; sourceTree = "<group>"; };
		FB1A2226EDD135EA495C96C2 /* Pods-Specs.debug.xcconfig */ = {isa = PBXFileReference; includeInIndex = 1; lastKnownFileType = text.xcconfig; name = "Pods-Specs.debug.xcconfig"; path = "Pods/Target Support Files/Pods-Specs/Pods-Specs.debug.xcconfig"; sourceTree = "<group>"; };
/* End PBXFileReference section */

/* Begin PBXFrameworksBuildPhase section */
		944C7B421EA25FB5003A06C4 /* Frameworks */ = {
			isa = PBXFrameworksBuildPhase;
			buildActionMask = 2147483647;
			files = (
			);
			runOnlyForDeploymentPostprocessing = 0;
		};
		944C7B5A1EA261E5003A06C4 /* Frameworks */ = {
			isa = PBXFrameworksBuildPhase;
			buildActionMask = 2147483647;
			files = (
				944C7B621EA261E5003A06C4 /* Swizzlean.framework in Frameworks */,
				970477ACA2B27A3B23D3C1E9 /* libPods-Specs.a in Frameworks */,
			);
			runOnlyForDeploymentPostprocessing = 0;
		};
/* End PBXFrameworksBuildPhase section */

/* Begin PBXGroup section */
		856653F7E066C59131F7D3DF /* Pods */ = {
			isa = PBXGroup;
			children = (
				087B7D7E1C2B7E5D299D0016 /* Pods-IntegrationSpecs.debug.xcconfig */,
				DBCAFF6777107717CD828CD3 /* Pods-IntegrationSpecs.release.xcconfig */,
				FB1A2226EDD135EA495C96C2 /* Pods-Specs.debug.xcconfig */,
				953C1BE9EEF224D75E11E569 /* Pods-Specs.release.xcconfig */,
			);
			name = Pods;
			sourceTree = "<group>";
		};
		9409BCD028FDE934002B5761 /* Sources */ = {
			isa = PBXGroup;
			children = (
				944C7B471EA25FB5003A06C4 /* Swizzlean */,
			);
			path = Sources;
			sourceTree = "<group>";
		};
		9409BCD128FDED63002B5761 /* include */ = {
			isa = PBXGroup;
			children = (
				944C7B511EA260D2003A06C4 /* Swizzlean.h */,
			);
			path = include;
			sourceTree = "<group>";
		};
		9409BCD228FDEF9E002B5761 /* SwizzleanIntegrationTests */ = {
			isa = PBXGroup;
			children = (
				944C7B891EA26492003A06C4 /* SwizzleanIntegrationSpec.m */,
			);
			path = SwizzleanIntegrationTests;
			sourceTree = "<group>";
		};
		944C7B471EA25FB5003A06C4 /* Swizzlean */ = {
			isa = PBXGroup;
			children = (
				9409BCD128FDED63002B5761 /* include */,
				944C7B521EA260D2003A06C4 /* Swizzlean.m */,
				944C7B4F1EA260D2003A06C4 /* RuntimeUtils.h */,
				944C7B501EA260D2003A06C4 /* RuntimeUtils.m */,
				946059E422DA1EBB00936CCF /* Supporting Files */,
			);
			path = Swizzlean;
			sourceTree = "<group>";
		};
		944C7B5E1EA261E5003A06C4 /* Tests */ = {
			isa = PBXGroup;
			children = (
				946059E022DA18F100936CCF /* SwizzleanTests */,
				9409BCD228FDEF9E002B5761 /* SwizzleanIntegrationTests */,
				946059DE22DA18B500936CCF /* Fakes */,
				946059DF22DA18D800936CCF /* Supporting Files */,
			);
			path = Tests;
			sourceTree = "<group>";
		};
		946059DE22DA18B500936CCF /* Fakes */ = {
			isa = PBXGroup;
			children = (
				944C7B861EA2648A003A06C4 /* IntegrationTestClass.h */,
				944C7B871EA2648A003A06C4 /* IntegrationTestClass.m */,
				944C7B711EA26277003A06C4 /* TestClass.h */,
				944C7B721EA26277003A06C4 /* TestClass.m */,
				944C7B6A1EA26251003A06C4 /* FakeRuntimeUtils.h */,
				944C7B6B1EA26251003A06C4 /* FakeRuntimeUtils.m */,
			);
			path = Fakes;
			sourceTree = "<group>";
		};
		946059DF22DA18D800936CCF /* Supporting Files */ = {
			isa = PBXGroup;
			children = (
				944C7B611EA261E5003A06C4 /* Info.plist */,
			);
			path = "Supporting Files";
			sourceTree = "<group>";
		};
		946059E022DA18F100936CCF /* SwizzleanTests */ = {
			isa = PBXGroup;
			children = (
				944C7B6E1EA26270003A06C4 /* SwizzleanSpec.m */,
				944C7B6D1EA26270003A06C4 /* RuntimeUtilsSpec.m */,
			);
			path = SwizzleanTests;
			sourceTree = "<group>";
		};
		946059E422DA1EBB00936CCF /* Supporting Files */ = {
			isa = PBXGroup;
			children = (
				944C7B491EA25FB5003A06C4 /* Info.plist */,
			);
			path = "Supporting Files";
			sourceTree = "<group>";
		};
		AF32F068174671D400EC79F7 = {
			isa = PBXGroup;
			children = (
				9409BCD528FDF1F8002B5761 /* Package.swift */,
				9409BCD028FDE934002B5761 /* Sources */,
				944C7B5E1EA261E5003A06C4 /* Tests */,
				AF32F073174671D400EC79F7 /* Frameworks */,
				AF32F072174671D400EC79F7 /* Products */,
				856653F7E066C59131F7D3DF /* Pods */,
			);
			sourceTree = "<group>";
		};
		AF32F072174671D400EC79F7 /* Products */ = {
			isa = PBXGroup;
			children = (
				944C7B461EA25FB5003A06C4 /* Swizzlean.framework */,
				944C7B5D1EA261E5003A06C4 /* Specs.xctest */,
			);
			name = Products;
			sourceTree = "<group>";
		};
		AF32F073174671D400EC79F7 /* Frameworks */ = {
			isa = PBXGroup;
			children = (
				49F0A343DC95C9BB40D5243E /* libPods-IntegrationSpecs.a */,
				72A6D53B330DF5942EDE5D70 /* libPods-Specs.a */,
			);
			name = Frameworks;
			sourceTree = "<group>";
		};
/* End PBXGroup section */

/* Begin PBXHeadersBuildPhase section */
		944C7B431EA25FB5003A06C4 /* Headers */ = {
			isa = PBXHeadersBuildPhase;
			buildActionMask = 2147483647;
			files = (
				944C7B551EA260D2003A06C4 /* Swizzlean.h in Headers */,
				944C7B531EA260D2003A06C4 /* RuntimeUtils.h in Headers */,
			);
			runOnlyForDeploymentPostprocessing = 0;
		};
/* End PBXHeadersBuildPhase section */

/* Begin PBXNativeTarget section */
		944C7B451EA25FB5003A06C4 /* Swizzlean */ = {
			isa = PBXNativeTarget;
			buildConfigurationList = 944C7B4B1EA25FB5003A06C4 /* Build configuration list for PBXNativeTarget "Swizzlean" */;
			buildPhases = (
				944C7B411EA25FB5003A06C4 /* Sources */,
				944C7B421EA25FB5003A06C4 /* Frameworks */,
				944C7B431EA25FB5003A06C4 /* Headers */,
				944C7B441EA25FB5003A06C4 /* Resources */,
			);
			buildRules = (
			);
			dependencies = (
			);
			name = Swizzlean;
			productName = Swizzlean;
			productReference = 944C7B461EA25FB5003A06C4 /* Swizzlean.framework */;
			productType = "com.apple.product-type.framework";
		};
		944C7B5C1EA261E5003A06C4 /* Specs */ = {
			isa = PBXNativeTarget;
			buildConfigurationList = 944C7B651EA261E5003A06C4 /* Build configuration list for PBXNativeTarget "Specs" */;
			buildPhases = (
				578D50B06C3349689E7C685C /* [CP] Check Pods Manifest.lock */,
				944C7B591EA261E5003A06C4 /* Sources */,
				944C7B5A1EA261E5003A06C4 /* Frameworks */,
				944C7B5B1EA261E5003A06C4 /* Resources */,
			);
			buildRules = (
			);
			dependencies = (
				944C7B641EA261E5003A06C4 /* PBXTargetDependency */,
			);
			name = Specs;
			productName = Specs;
			productReference = 944C7B5D1EA261E5003A06C4 /* Specs.xctest */;
			productType = "com.apple.product-type.bundle.unit-test";
		};
/* End PBXNativeTarget section */

/* Begin PBXProject section */
		AF32F069174671D400EC79F7 /* Project object */ = {
			isa = PBXProject;
			attributes = {
				LastTestingUpgradeCheck = 0510;
				LastUpgradeCheck = 1340;
				ORGANIZATIONNAME = "RKB Designs";
				TargetAttributes = {
					944C7B451EA25FB5003A06C4 = {
						CreatedOnToolsVersion = 8.3.1;
						LastSwiftMigration = 1400;
						ProvisioningStyle = Manual;
					};
					944C7B5C1EA261E5003A06C4 = {
						CreatedOnToolsVersion = 8.3.1;
						ProvisioningStyle = Manual;
					};
				};
			};
			buildConfigurationList = AF32F06C174671D400EC79F7 /* Build configuration list for PBXProject "Swizzlean" */;
			compatibilityVersion = "Xcode 3.2";
			developmentRegion = en;
			hasScannedForEncodings = 0;
			knownRegions = (
				en,
				Base,
			);
			mainGroup = AF32F068174671D400EC79F7;
			productRefGroup = AF32F072174671D400EC79F7 /* Products */;
			projectDirPath = "";
			projectRoot = "";
			targets = (
				944C7B451EA25FB5003A06C4 /* Swizzlean */,
				944C7B5C1EA261E5003A06C4 /* Specs */,
			);
		};
/* End PBXProject section */

/* Begin PBXResourcesBuildPhase section */
		944C7B441EA25FB5003A06C4 /* Resources */ = {
			isa = PBXResourcesBuildPhase;
			buildActionMask = 2147483647;
			files = (
			);
			runOnlyForDeploymentPostprocessing = 0;
		};
		944C7B5B1EA261E5003A06C4 /* Resources */ = {
			isa = PBXResourcesBuildPhase;
			buildActionMask = 2147483647;
			files = (
			);
			runOnlyForDeploymentPostprocessing = 0;
		};
/* End PBXResourcesBuildPhase section */

/* Begin PBXShellScriptBuildPhase section */
		578D50B06C3349689E7C685C /* [CP] Check Pods Manifest.lock */ = {
			isa = PBXShellScriptBuildPhase;
			buildActionMask = 2147483647;
			files = (
			);
			inputPaths = (
				"${PODS_PODFILE_DIR_PATH}/Podfile.lock",
				"${PODS_ROOT}/Manifest.lock",
			);
			name = "[CP] Check Pods Manifest.lock";
			outputPaths = (
				"$(DERIVED_FILE_DIR)/Pods-Specs-checkManifestLockResult.txt",
			);
			runOnlyForDeploymentPostprocessing = 0;
			shellPath = /bin/sh;
			shellScript = "diff \"${PODS_PODFILE_DIR_PATH}/Podfile.lock\" \"${PODS_ROOT}/Manifest.lock\" > /dev/null\nif [ $? != 0 ] ; then\n    # print error to STDERR\n    echo \"error: The sandbox is not in sync with the Podfile.lock. Run 'pod install' or update your CocoaPods installation.\" >&2\n    exit 1\nfi\n# This output is used by Xcode 'outputs' to avoid re-running this script phase.\necho \"SUCCESS\" > \"${SCRIPT_OUTPUT_FILE_0}\"\n";
			showEnvVarsInLog = 0;
		};
/* End PBXShellScriptBuildPhase section */

/* Begin PBXSourcesBuildPhase section */
		944C7B411EA25FB5003A06C4 /* Sources */ = {
			isa = PBXSourcesBuildPhase;
			buildActionMask = 2147483647;
			files = (
				944C7B541EA260D2003A06C4 /* RuntimeUtils.m in Sources */,
				944C7B561EA260D2003A06C4 /* Swizzlean.m in Sources */,
			);
			runOnlyForDeploymentPostprocessing = 0;
		};
		944C7B591EA261E5003A06C4 /* Sources */ = {
			isa = PBXSourcesBuildPhase;
			buildActionMask = 2147483647;
			files = (
				944C7B701EA26270003A06C4 /* SwizzleanSpec.m in Sources */,
				944C7B6F1EA26270003A06C4 /* RuntimeUtilsSpec.m in Sources */,
				9409BCD428FDF0A1002B5761 /* SwizzleanIntegrationSpec.m in Sources */,
				9409BCD328FDEFAF002B5761 /* IntegrationTestClass.m in Sources */,
				944C7B731EA26277003A06C4 /* TestClass.m in Sources */,
				944C7B6C1EA26251003A06C4 /* FakeRuntimeUtils.m in Sources */,
			);
			runOnlyForDeploymentPostprocessing = 0;
		};
/* End PBXSourcesBuildPhase section */

/* Begin PBXTargetDependency section */
		944C7B641EA261E5003A06C4 /* PBXTargetDependency */ = {
			isa = PBXTargetDependency;
			target = 944C7B451EA25FB5003A06C4 /* Swizzlean */;
			targetProxy = 944C7B631EA261E5003A06C4 /* PBXContainerItemProxy */;
		};
/* End PBXTargetDependency section */

/* Begin XCBuildConfiguration section */
		944C7B4C1EA25FB5003A06C4 /* Debug */ = {
			isa = XCBuildConfiguration;
			buildSettings = {
				CLANG_ANALYZER_NONNULL = YES;
				CLANG_ANALYZER_NUMBER_OBJECT_CONVERSION = YES_AGGRESSIVE;
				CLANG_ENABLE_MODULES = YES;
				CLANG_WARN_DIRECT_OBJC_ISA_USAGE = YES_ERROR;
				CLANG_WARN_DOCUMENTATION_COMMENTS = YES;
				CLANG_WARN_OBJC_ROOT_CLASS = YES_ERROR;
				CODE_SIGN_IDENTITY = "";
				CURRENT_PROJECT_VERSION = 1;
				DEBUG_INFORMATION_FORMAT = dwarf;
				DEFINES_MODULE = YES;
				DEVELOPMENT_TEAM = "";
				DYLIB_COMPATIBILITY_VERSION = 1;
				DYLIB_CURRENT_VERSION = 1;
				DYLIB_INSTALL_NAME_BASE = "@rpath";
				GCC_WARN_ABOUT_RETURN_TYPE = YES_ERROR;
				GCC_WARN_UNINITIALIZED_AUTOS = YES_AGGRESSIVE;
				INFOPLIST_FILE = "Sources/Swizzlean/Supporting Files/Info.plist";
				INSTALL_PATH = "$(LOCAL_LIBRARY_DIR)/Frameworks";
				IPHONEOS_DEPLOYMENT_TARGET = 8.0;
				LD_RUNPATH_SEARCH_PATHS = "$(inherited) @executable_path/Frameworks @loader_path/Frameworks";
				MTL_ENABLE_DEBUG_INFO = YES;
				PRODUCT_BUNDLE_IDENTIFIER = com.rkb.swizzlean;
				PRODUCT_NAME = "$(TARGET_NAME)";
				PROVISIONING_PROFILE_SPECIFIER = "";
				SKIP_INSTALL = YES;
				SWIFT_OPTIMIZATION_LEVEL = "-Onone";
				SWIFT_VERSION = 5.0;
				TARGETED_DEVICE_FAMILY = "1,2";
				VERSIONING_SYSTEM = "apple-generic";
				VERSION_INFO_PREFIX = "";
			};
			name = Debug;
		};
		944C7B4D1EA25FB5003A06C4 /* Release */ = {
			isa = XCBuildConfiguration;
			buildSettings = {
				CLANG_ANALYZER_NONNULL = YES;
				CLANG_ANALYZER_NUMBER_OBJECT_CONVERSION = YES_AGGRESSIVE;
				CLANG_ENABLE_MODULES = YES;
				CLANG_WARN_DIRECT_OBJC_ISA_USAGE = YES_ERROR;
				CLANG_WARN_DOCUMENTATION_COMMENTS = YES;
				CLANG_WARN_OBJC_ROOT_CLASS = YES_ERROR;
				CODE_SIGN_IDENTITY = "";
				COPY_PHASE_STRIP = NO;
				CURRENT_PROJECT_VERSION = 1;
				DEBUG_INFORMATION_FORMAT = "dwarf-with-dsym";
				DEFINES_MODULE = YES;
				DEVELOPMENT_TEAM = "";
				DYLIB_COMPATIBILITY_VERSION = 1;
				DYLIB_CURRENT_VERSION = 1;
				DYLIB_INSTALL_NAME_BASE = "@rpath";
				ENABLE_NS_ASSERTIONS = NO;
				GCC_WARN_ABOUT_RETURN_TYPE = YES_ERROR;
				GCC_WARN_UNINITIALIZED_AUTOS = YES_AGGRESSIVE;
				INFOPLIST_FILE = "Sources/Swizzlean/Supporting Files/Info.plist";
				INSTALL_PATH = "$(LOCAL_LIBRARY_DIR)/Frameworks";
				IPHONEOS_DEPLOYMENT_TARGET = 8.0;
				LD_RUNPATH_SEARCH_PATHS = "$(inherited) @executable_path/Frameworks @loader_path/Frameworks";
				MTL_ENABLE_DEBUG_INFO = NO;
				PRODUCT_BUNDLE_IDENTIFIER = com.rkb.swizzlean;
				PRODUCT_NAME = "$(TARGET_NAME)";
				PROVISIONING_PROFILE_SPECIFIER = "";
				SKIP_INSTALL = YES;
				SWIFT_VERSION = 5.0;
				TARGETED_DEVICE_FAMILY = "1,2";
				VERSIONING_SYSTEM = "apple-generic";
				VERSION_INFO_PREFIX = "";
			};
			name = Release;
		};
		944C7B661EA261E5003A06C4 /* Debug */ = {
			isa = XCBuildConfiguration;
			baseConfigurationReference = FB1A2226EDD135EA495C96C2 /* Pods-Specs.debug.xcconfig */;
			buildSettings = {
				CLANG_ANALYZER_NONNULL = YES;
				CLANG_ANALYZER_NUMBER_OBJECT_CONVERSION = YES_AGGRESSIVE;
				CLANG_ENABLE_MODULES = YES;
				CLANG_WARN_DIRECT_OBJC_ISA_USAGE = YES_ERROR;
				CLANG_WARN_DOCUMENTATION_COMMENTS = YES;
				CLANG_WARN_OBJC_ROOT_CLASS = YES_ERROR;
				"CODE_SIGN_IDENTITY[sdk=iphoneos*]" = "";
				DEBUG_INFORMATION_FORMAT = dwarf;
				DEVELOPMENT_TEAM = "";
				GCC_WARN_ABOUT_RETURN_TYPE = YES_ERROR;
				GCC_WARN_UNINITIALIZED_AUTOS = YES_AGGRESSIVE;
				INFOPLIST_FILE = "Tests/Supporting Files/Info.plist";
				IPHONEOS_DEPLOYMENT_TARGET = 8.0;
				LD_RUNPATH_SEARCH_PATHS = "$(inherited) @executable_path/Frameworks @loader_path/Frameworks";
				MTL_ENABLE_DEBUG_INFO = YES;
				PRODUCT_BUNDLE_IDENTIFIER = com.rkb.Specs;
				PRODUCT_NAME = "$(TARGET_NAME)";
				PROVISIONING_PROFILE_SPECIFIER = "";
			};
			name = Debug;
		};
		944C7B671EA261E5003A06C4 /* Release */ = {
			isa = XCBuildConfiguration;
			baseConfigurationReference = 953C1BE9EEF224D75E11E569 /* Pods-Specs.release.xcconfig */;
			buildSettings = {
				CLANG_ANALYZER_NONNULL = YES;
				CLANG_ANALYZER_NUMBER_OBJECT_CONVERSION = YES_AGGRESSIVE;
				CLANG_ENABLE_MODULES = YES;
				CLANG_WARN_DIRECT_OBJC_ISA_USAGE = YES_ERROR;
				CLANG_WARN_DOCUMENTATION_COMMENTS = YES;
				CLANG_WARN_OBJC_ROOT_CLASS = YES_ERROR;
				"CODE_SIGN_IDENTITY[sdk=iphoneos*]" = "";
				COPY_PHASE_STRIP = NO;
				DEBUG_INFORMATION_FORMAT = "dwarf-with-dsym";
				DEVELOPMENT_TEAM = "";
				ENABLE_NS_ASSERTIONS = NO;
				GCC_WARN_ABOUT_RETURN_TYPE = YES_ERROR;
				GCC_WARN_UNINITIALIZED_AUTOS = YES_AGGRESSIVE;
				INFOPLIST_FILE = "Tests/Supporting Files/Info.plist";
				IPHONEOS_DEPLOYMENT_TARGET = 8.0;
				LD_RUNPATH_SEARCH_PATHS = "$(inherited) @executable_path/Frameworks @loader_path/Frameworks";
				MTL_ENABLE_DEBUG_INFO = NO;
				PRODUCT_BUNDLE_IDENTIFIER = com.rkb.Specs;
				PRODUCT_NAME = "$(TARGET_NAME)";
				PROVISIONING_PROFILE_SPECIFIER = "";
			};
			name = Release;
		};
		AF32F08C174671D400EC79F7 /* Debug */ = {
			isa = XCBuildConfiguration;
			buildSettings = {
				ALWAYS_SEARCH_USER_PATHS = NO;
				CLANG_ANALYZER_LOCALIZABILITY_NONLOCALIZED = YES;
				CLANG_CXX_LANGUAGE_STANDARD = "gnu++0x";
				CLANG_CXX_LIBRARY = "libc++";
				CLANG_ENABLE_OBJC_ARC = YES;
				CLANG_WARN_BLOCK_CAPTURE_AUTORELEASING = YES;
				CLANG_WARN_BOOL_CONVERSION = YES;
				CLANG_WARN_COMMA = YES;
				CLANG_WARN_CONSTANT_CONVERSION = YES;
				CLANG_WARN_DEPRECATED_OBJC_IMPLEMENTATIONS = YES;
				CLANG_WARN_EMPTY_BODY = YES;
				CLANG_WARN_ENUM_CONVERSION = YES;
				CLANG_WARN_INFINITE_RECURSION = YES;
				CLANG_WARN_INT_CONVERSION = YES;
				CLANG_WARN_NON_LITERAL_NULL_CONVERSION = YES;
				CLANG_WARN_OBJC_IMPLICIT_RETAIN_SELF = YES;
				CLANG_WARN_OBJC_LITERAL_CONVERSION = YES;
				CLANG_WARN_QUOTED_INCLUDE_IN_FRAMEWORK_HEADER = YES;
				CLANG_WARN_RANGE_LOOP_ANALYSIS = YES;
				CLANG_WARN_STRICT_PROTOTYPES = YES;
				CLANG_WARN_SUSPICIOUS_MOVE = YES;
				CLANG_WARN_UNREACHABLE_CODE = YES;
				CLANG_WARN__DUPLICATE_METHOD_MATCH = YES;
				"CODE_SIGN_IDENTITY[sdk=iphoneos*]" = "iPhone Developer";
				COPY_PHASE_STRIP = NO;
				ENABLE_STRICT_OBJC_MSGSEND = YES;
				ENABLE_TESTABILITY = YES;
				GCC_C_LANGUAGE_STANDARD = gnu99;
				GCC_DYNAMIC_NO_PIC = NO;
				GCC_NO_COMMON_BLOCKS = YES;
				GCC_OPTIMIZATION_LEVEL = 0;
				GCC_PREPROCESSOR_DEFINITIONS = (
					"DEBUG=1",
					"$(inherited)",
				);
				GCC_SYMBOLS_PRIVATE_EXTERN = NO;
				GCC_WARN_64_TO_32_BIT_CONVERSION = YES;
				GCC_WARN_ABOUT_RETURN_TYPE = YES;
				GCC_WARN_UNDECLARED_SELECTOR = YES;
				GCC_WARN_UNINITIALIZED_AUTOS = YES;
				GCC_WARN_UNUSED_FUNCTION = YES;
				GCC_WARN_UNUSED_VARIABLE = YES;
				IPHONEOS_DEPLOYMENT_TARGET = 8.0;
				ONLY_ACTIVE_ARCH = YES;
				OTHER_LDFLAGS = "$(inherited)";
				SDKROOT = iphoneos;
			};
			name = Debug;
		};
		AF32F08D174671D400EC79F7 /* Release */ = {
			isa = XCBuildConfiguration;
			buildSettings = {
				ALWAYS_SEARCH_USER_PATHS = NO;
				CLANG_ANALYZER_LOCALIZABILITY_NONLOCALIZED = YES;
				CLANG_CXX_LANGUAGE_STANDARD = "gnu++0x";
				CLANG_CXX_LIBRARY = "libc++";
				CLANG_ENABLE_OBJC_ARC = YES;
				CLANG_WARN_BLOCK_CAPTURE_AUTORELEASING = YES;
				CLANG_WARN_BOOL_CONVERSION = YES;
				CLANG_WARN_COMMA = YES;
				CLANG_WARN_CONSTANT_CONVERSION = YES;
				CLANG_WARN_DEPRECATED_OBJC_IMPLEMENTATIONS = YES;
				CLANG_WARN_EMPTY_BODY = YES;
				CLANG_WARN_ENUM_CONVERSION = YES;
				CLANG_WARN_INFINITE_RECURSION = YES;
				CLANG_WARN_INT_CONVERSION = YES;
				CLANG_WARN_NON_LITERAL_NULL_CONVERSION = YES;
				CLANG_WARN_OBJC_IMPLICIT_RETAIN_SELF = YES;
				CLANG_WARN_OBJC_LITERAL_CONVERSION = YES;
				CLANG_WARN_QUOTED_INCLUDE_IN_FRAMEWORK_HEADER = YES;
				CLANG_WARN_RANGE_LOOP_ANALYSIS = YES;
				CLANG_WARN_STRICT_PROTOTYPES = YES;
				CLANG_WARN_SUSPICIOUS_MOVE = YES;
				CLANG_WARN_UNREACHABLE_CODE = YES;
				CLANG_WARN__DUPLICATE_METHOD_MATCH = YES;
				"CODE_SIGN_IDENTITY[sdk=iphoneos*]" = "iPhone Developer";
				COPY_PHASE_STRIP = YES;
				ENABLE_STRICT_OBJC_MSGSEND = YES;
				GCC_C_LANGUAGE_STANDARD = gnu99;
				GCC_NO_COMMON_BLOCKS = YES;
				GCC_WARN_64_TO_32_BIT_CONVERSION = YES;
				GCC_WARN_ABOUT_RETURN_TYPE = YES;
				GCC_WARN_UNDECLARED_SELECTOR = YES;
				GCC_WARN_UNINITIALIZED_AUTOS = YES;
				GCC_WARN_UNUSED_FUNCTION = YES;
				GCC_WARN_UNUSED_VARIABLE = YES;
				IPHONEOS_DEPLOYMENT_TARGET = 8.0;
				OTHER_CFLAGS = "-DNS_BLOCK_ASSERTIONS=1";
				OTHER_LDFLAGS = "$(inherited)";
				SDKROOT = iphoneos;
				VALIDATE_PRODUCT = YES;
			};
			name = Release;
		};
/* End XCBuildConfiguration section */

/* Begin XCConfigurationList section */
		944C7B4B1EA25FB5003A06C4 /* Build configuration list for PBXNativeTarget "Swizzlean" */ = {
			isa = XCConfigurationList;
			buildConfigurations = (
				944C7B4C1EA25FB5003A06C4 /* Debug */,
				944C7B4D1EA25FB5003A06C4 /* Release */,
			);
			defaultConfigurationIsVisible = 0;
			defaultConfigurationName = Release;
		};
		944C7B651EA261E5003A06C4 /* Build configuration list for PBXNativeTarget "Specs" */ = {
			isa = XCConfigurationList;
			buildConfigurations = (
				944C7B661EA261E5003A06C4 /* Debug */,
				944C7B671EA261E5003A06C4 /* Release */,
			);
			defaultConfigurationIsVisible = 0;
			defaultConfigurationName = Release;
		};
		AF32F06C174671D400EC79F7 /* Build configuration list for PBXProject "Swizzlean" */ = {
			isa = XCConfigurationList;
			buildConfigurations = (
				AF32F08C174671D400EC79F7 /* Debug */,
				AF32F08D174671D400EC79F7 /* Release */,
			);
			defaultConfigurationIsVisible = 0;
			defaultConfigurationName = Release;
		};
/* End XCConfigurationList section */
	};
	rootObject = AF32F069174671D400EC79F7 /* Project object */;
}
