// !$*UTF8*$!
{
	archiveVersion = 1;
	classes = {
	};
	objectVersion = 46;
	objects = {

/* Begin PBXBuildFile section */
		AF19C39F176543230007D198 /* SenTestingKit.framework in Frameworks */ = {isa = PBXBuildFile; fileRef = AF19C39E176543230007D198 /* SenTestingKit.framework */; };
		AF19C3A0176543230007D198 /* UIKit.framework in Frameworks */ = {isa = PBXBuildFile; fileRef = AF32F074174671D400EC79F7 /* UIKit.framework */; };
		AF19C3A1176543230007D198 /* Foundation.framework in Frameworks */ = {isa = PBXBuildFile; fileRef = AF32F076174671D400EC79F7 /* Foundation.framework */; };
		AF19C3A7176543230007D198 /* InfoPlist.strings in Resources */ = {isa = PBXBuildFile; fileRef = AF19C3A5176543230007D198 /* InfoPlist.strings */; };
		AF19C3B51765469C0007D198 /* SwizzleanIntegrationTests.m in Sources */ = {isa = PBXBuildFile; fileRef = AF19C3B41765469C0007D198 /* SwizzleanIntegrationTests.m */; };
		AF19C3BC176551530007D198 /* IntegrationTestClass.m in Sources */ = {isa = PBXBuildFile; fileRef = AF19C3BB176551530007D198 /* IntegrationTestClass.m */; };
		AF32F075174671D400EC79F7 /* UIKit.framework in Frameworks */ = {isa = PBXBuildFile; fileRef = AF32F074174671D400EC79F7 /* UIKit.framework */; };
		AF32F077174671D400EC79F7 /* Foundation.framework in Frameworks */ = {isa = PBXBuildFile; fileRef = AF32F076174671D400EC79F7 /* Foundation.framework */; };
		AF32F079174671D400EC79F7 /* CoreGraphics.framework in Frameworks */ = {isa = PBXBuildFile; fileRef = AF32F078174671D400EC79F7 /* CoreGraphics.framework */; };
		AF32F07F174671D400EC79F7 /* InfoPlist.strings in Resources */ = {isa = PBXBuildFile; fileRef = AF32F07D174671D400EC79F7 /* InfoPlist.strings */; };
		AF32F081174671D400EC79F7 /* main.m in Sources */ = {isa = PBXBuildFile; fileRef = AF32F080174671D400EC79F7 /* main.m */; };
		AF32F085174671D400EC79F7 /* AppDelegate.m in Sources */ = {isa = PBXBuildFile; fileRef = AF32F084174671D400EC79F7 /* AppDelegate.m */; };
		AF32F087174671D400EC79F7 /* Default.png in Resources */ = {isa = PBXBuildFile; fileRef = AF32F086174671D400EC79F7 /* Default.png */; };
		AF32F089174671D400EC79F7 /* Default@2x.png in Resources */ = {isa = PBXBuildFile; fileRef = AF32F088174671D400EC79F7 /* Default@2x.png */; };
		AF32F08B174671D400EC79F7 /* Default-568h@2x.png in Resources */ = {isa = PBXBuildFile; fileRef = AF32F08A174671D400EC79F7 /* Default-568h@2x.png */; };
		AF6B25CD1746737C006A312B /* UIKit.framework in Frameworks */ = {isa = PBXBuildFile; fileRef = AF32F074174671D400EC79F7 /* UIKit.framework */; };
		AF6B25CE1746737C006A312B /* Foundation.framework in Frameworks */ = {isa = PBXBuildFile; fileRef = AF32F076174671D400EC79F7 /* Foundation.framework */; };
		AF6B25CF1746737C006A312B /* CoreGraphics.framework in Frameworks */ = {isa = PBXBuildFile; fileRef = AF32F078174671D400EC79F7 /* CoreGraphics.framework */; };
		AF6B25D51746737C006A312B /* InfoPlist.strings in Resources */ = {isa = PBXBuildFile; fileRef = AF6B25D31746737C006A312B /* InfoPlist.strings */; };
		AF6B25D71746737C006A312B /* main.m in Sources */ = {isa = PBXBuildFile; fileRef = AF6B25D61746737C006A312B /* main.m */; };
		AF6B25DA1746737D006A312B /* Cedar-iOS.framework in Frameworks */ = {isa = PBXBuildFile; fileRef = AF6B25D91746737D006A312B /* Cedar-iOS.framework */; };
		AF6B25E1174673CB006A312B /* Default-568h@2x.png in Resources */ = {isa = PBXBuildFile; fileRef = AF6B25E0174673CB006A312B /* Default-568h@2x.png */; };
		AF6B25E21746749B006A312B /* AppDelegate.m in Sources */ = {isa = PBXBuildFile; fileRef = AF32F084174671D400EC79F7 /* AppDelegate.m */; };
		AF6B25E517467514006A312B /* AppDelegateSpec.mm in Sources */ = {isa = PBXBuildFile; fileRef = AF6B25E417467514006A312B /* AppDelegateSpec.mm */; settings = {COMPILER_FLAGS = "-fno-objc-arc"; }; };
		AF6B25E917467588006A312B /* FirstViewController.m in Sources */ = {isa = PBXBuildFile; fileRef = AF6B25E717467588006A312B /* FirstViewController.m */; };
		AF6B25EA17467588006A312B /* FirstViewController.m in Sources */ = {isa = PBXBuildFile; fileRef = AF6B25E717467588006A312B /* FirstViewController.m */; };
		AF6B25EB17467588006A312B /* FirstViewController.xib in Resources */ = {isa = PBXBuildFile; fileRef = AF6B25E817467588006A312B /* FirstViewController.xib */; };
		AF6B25EC17467588006A312B /* FirstViewController.xib in Resources */ = {isa = PBXBuildFile; fileRef = AF6B25E817467588006A312B /* FirstViewController.xib */; };
		AF6B25EE1747EC42006A312B /* FirstViewControllerSpec.mm in Sources */ = {isa = PBXBuildFile; fileRef = AF6B25ED1747EC42006A312B /* FirstViewControllerSpec.mm */; settings = {COMPILER_FLAGS = "-fno-objc-arc"; }; };
		AF6B25F41747EE66006A312B /* SwizzleanSpec.mm in Sources */ = {isa = PBXBuildFile; fileRef = AF6B25F31747EE66006A312B /* SwizzleanSpec.mm */; settings = {COMPILER_FLAGS = "-fno-objc-arc"; }; };
		AFD1566D175BBA6B000A83DF /* TestClass.m in Sources */ = {isa = PBXBuildFile; fileRef = AFF1A93117563FE000E9E586 /* TestClass.m */; };
		AFF1A93217563FE000E9E586 /* TestClass.m in Sources */ = {isa = PBXBuildFile; fileRef = AFF1A93117563FE000E9E586 /* TestClass.m */; };
		AFF33E1517A01FD300B1F7ED /* RuntimeUtils.m in Sources */ = {isa = PBXBuildFile; fileRef = AFF33E1217A01FD300B1F7ED /* RuntimeUtils.m */; };
		AFF33E1617A01FD300B1F7ED /* Swizzlean.m in Sources */ = {isa = PBXBuildFile; fileRef = AFF33E1417A01FD300B1F7ED /* Swizzlean.m */; };
		AFF33E1717A01FF500B1F7ED /* Swizzlean.m in Sources */ = {isa = PBXBuildFile; fileRef = AFF33E1417A01FD300B1F7ED /* Swizzlean.m */; };
		AFF33E1817A01FFB00B1F7ED /* RuntimeUtils.m in Sources */ = {isa = PBXBuildFile; fileRef = AFF33E1217A01FD300B1F7ED /* RuntimeUtils.m */; };
		AFF33E1917A0200E00B1F7ED /* RuntimeUtils.m in Sources */ = {isa = PBXBuildFile; fileRef = AFF33E1217A01FD300B1F7ED /* RuntimeUtils.m */; };
		AFF33E1A17A0201300B1F7ED /* Swizzlean.m in Sources */ = {isa = PBXBuildFile; fileRef = AFF33E1417A01FD300B1F7ED /* Swizzlean.m */; };
		AFF6351B176396AD0015998B /* RuntimeUtilsSpec.mm in Sources */ = {isa = PBXBuildFile; fileRef = AFF6351A176396AD0015998B /* RuntimeUtilsSpec.mm */; settings = {COMPILER_FLAGS = "-fno-objc-arc"; }; };
/* End PBXBuildFile section */

/* Begin PBXContainerItemProxy section */
		AF19C3B1176545930007D198 /* PBXContainerItemProxy */ = {
			isa = PBXContainerItemProxy;
			containerPortal = AF32F069174671D400EC79F7 /* Project object */;
			proxyType = 1;
			remoteGlobalIDString = AF32F070174671D400EC79F7;
			remoteInfo = Swizzlean;
		};
/* End PBXContainerItemProxy section */

/* Begin PBXFileReference section */
		AF19C39D176543230007D198 /* IntegrationTests.octest */ = {isa = PBXFileReference; explicitFileType = wrapper.cfbundle; includeInIndex = 0; path = IntegrationTests.octest; sourceTree = BUILT_PRODUCTS_DIR; };
		AF19C39E176543230007D198 /* SenTestingKit.framework */ = {isa = PBXFileReference; lastKnownFileType = wrapper.framework; name = SenTestingKit.framework; path = Library/Frameworks/SenTestingKit.framework; sourceTree = DEVELOPER_DIR; };
		AF19C3A4176543230007D198 /* IntegrationTests-Info.plist */ = {isa = PBXFileReference; lastKnownFileType = text.plist.xml; path = "IntegrationTests-Info.plist"; sourceTree = "<group>"; };
		AF19C3A6176543230007D198 /* en */ = {isa = PBXFileReference; lastKnownFileType = text.plist.strings; name = en; path = en.lproj/InfoPlist.strings; sourceTree = "<group>"; };
		AF19C3AB176543230007D198 /* IntegrationTests-Prefix.pch */ = {isa = PBXFileReference; lastKnownFileType = sourcecode.c.h; path = "IntegrationTests-Prefix.pch"; sourceTree = "<group>"; };
		AF19C3B41765469C0007D198 /* SwizzleanIntegrationTests.m */ = {isa = PBXFileReference; fileEncoding = 4; lastKnownFileType = sourcecode.c.objc; path = SwizzleanIntegrationTests.m; sourceTree = "<group>"; };
		AF19C3BA176551530007D198 /* IntegrationTestClass.h */ = {isa = PBXFileReference; fileEncoding = 4; lastKnownFileType = sourcecode.c.h; path = IntegrationTestClass.h; sourceTree = "<group>"; };
		AF19C3BB176551530007D198 /* IntegrationTestClass.m */ = {isa = PBXFileReference; fileEncoding = 4; lastKnownFileType = sourcecode.c.objc; path = IntegrationTestClass.m; sourceTree = "<group>"; };
		AF32F071174671D400EC79F7 /* Swizzlean.app */ = {isa = PBXFileReference; explicitFileType = wrapper.application; includeInIndex = 0; path = Swizzlean.app; sourceTree = BUILT_PRODUCTS_DIR; };
		AF32F074174671D400EC79F7 /* UIKit.framework */ = {isa = PBXFileReference; lastKnownFileType = wrapper.framework; name = UIKit.framework; path = System/Library/Frameworks/UIKit.framework; sourceTree = SDKROOT; };
		AF32F076174671D400EC79F7 /* Foundation.framework */ = {isa = PBXFileReference; lastKnownFileType = wrapper.framework; name = Foundation.framework; path = System/Library/Frameworks/Foundation.framework; sourceTree = SDKROOT; };
		AF32F078174671D400EC79F7 /* CoreGraphics.framework */ = {isa = PBXFileReference; lastKnownFileType = wrapper.framework; name = CoreGraphics.framework; path = System/Library/Frameworks/CoreGraphics.framework; sourceTree = SDKROOT; };
		AF32F07C174671D400EC79F7 /* Swizzlean-Info.plist */ = {isa = PBXFileReference; lastKnownFileType = text.plist.xml; path = "Swizzlean-Info.plist"; sourceTree = "<group>"; };
		AF32F07E174671D400EC79F7 /* en */ = {isa = PBXFileReference; lastKnownFileType = text.plist.strings; name = en; path = en.lproj/InfoPlist.strings; sourceTree = "<group>"; };
		AF32F080174671D400EC79F7 /* main.m */ = {isa = PBXFileReference; lastKnownFileType = sourcecode.c.objc; path = main.m; sourceTree = "<group>"; };
		AF32F082174671D400EC79F7 /* Swizzlean-Prefix.pch */ = {isa = PBXFileReference; lastKnownFileType = sourcecode.c.h; path = "Swizzlean-Prefix.pch"; sourceTree = "<group>"; };
		AF32F083174671D400EC79F7 /* AppDelegate.h */ = {isa = PBXFileReference; lastKnownFileType = sourcecode.c.h; path = AppDelegate.h; sourceTree = "<group>"; };
		AF32F084174671D400EC79F7 /* AppDelegate.m */ = {isa = PBXFileReference; lastKnownFileType = sourcecode.c.objc; path = AppDelegate.m; sourceTree = "<group>"; };
		AF32F086174671D400EC79F7 /* Default.png */ = {isa = PBXFileReference; lastKnownFileType = image.png; path = Default.png; sourceTree = "<group>"; };
		AF32F088174671D400EC79F7 /* Default@2x.png */ = {isa = PBXFileReference; lastKnownFileType = image.png; path = "Default@2x.png"; sourceTree = "<group>"; };
		AF32F08A174671D400EC79F7 /* Default-568h@2x.png */ = {isa = PBXFileReference; lastKnownFileType = image.png; path = "Default-568h@2x.png"; sourceTree = "<group>"; };
		AF6B25CC1746737C006A312B /* Specs.app */ = {isa = PBXFileReference; explicitFileType = wrapper.application; includeInIndex = 0; path = Specs.app; sourceTree = BUILT_PRODUCTS_DIR; };
		AF6B25D21746737C006A312B /* Specs-Info.plist */ = {isa = PBXFileReference; lastKnownFileType = text.plist.xml; path = "Specs-Info.plist"; sourceTree = "<group>"; };
		AF6B25D41746737C006A312B /* en */ = {isa = PBXFileReference; lastKnownFileType = text.plist.strings; name = en; path = en.lproj/InfoPlist.strings; sourceTree = "<group>"; };
		AF6B25D61746737C006A312B /* main.m */ = {isa = PBXFileReference; lastKnownFileType = sourcecode.c.objc; path = main.m; sourceTree = "<group>"; };
		AF6B25D81746737C006A312B /* Specs-Prefix.pch */ = {isa = PBXFileReference; lastKnownFileType = sourcecode.c.h; path = "Specs-Prefix.pch"; sourceTree = "<group>"; };
		AF6B25D91746737D006A312B /* Cedar-iOS.framework */ = {isa = PBXFileReference; lastKnownFileType = wrapper.framework; name = "Cedar-iOS.framework"; path = "Specs/Frameworks/Cedar-iOS.framework"; sourceTree = "<group>"; };
		AF6B25E0174673CB006A312B /* Default-568h@2x.png */ = {isa = PBXFileReference; lastKnownFileType = image.png; name = "Default-568h@2x.png"; path = "../Default-568h@2x.png"; sourceTree = "<group>"; };
		AF6B25E417467514006A312B /* AppDelegateSpec.mm */ = {isa = PBXFileReference; fileEncoding = 4; lastKnownFileType = sourcecode.cpp.objcpp; path = AppDelegateSpec.mm; sourceTree = "<group>"; };
		AF6B25E617467588006A312B /* FirstViewController.h */ = {isa = PBXFileReference; fileEncoding = 4; lastKnownFileType = sourcecode.c.h; path = FirstViewController.h; sourceTree = "<group>"; };
		AF6B25E717467588006A312B /* FirstViewController.m */ = {isa = PBXFileReference; fileEncoding = 4; lastKnownFileType = sourcecode.c.objc; path = FirstViewController.m; sourceTree = "<group>"; };
		AF6B25E817467588006A312B /* FirstViewController.xib */ = {isa = PBXFileReference; fileEncoding = 4; lastKnownFileType = file.xib; path = FirstViewController.xib; sourceTree = "<group>"; };
		AF6B25ED1747EC42006A312B /* FirstViewControllerSpec.mm */ = {isa = PBXFileReference; fileEncoding = 4; lastKnownFileType = sourcecode.cpp.objcpp; path = FirstViewControllerSpec.mm; sourceTree = "<group>"; };
		AF6B25F31747EE66006A312B /* SwizzleanSpec.mm */ = {isa = PBXFileReference; fileEncoding = 4; lastKnownFileType = sourcecode.cpp.objcpp; path = SwizzleanSpec.mm; sourceTree = "<group>"; };
		AF97A4D71771FA4000664D38 /* MIT.LICENSE */ = {isa = PBXFileReference; lastKnownFileType = text; path = MIT.LICENSE; sourceTree = "<group>"; };
		AFE194DE176F538B0009D34D /* README.md */ = {isa = PBXFileReference; fileEncoding = 4; lastKnownFileType = text; path = README.md; sourceTree = "<group>"; };
		AFF1A93017563FE000E9E586 /* TestClass.h */ = {isa = PBXFileReference; fileEncoding = 4; lastKnownFileType = sourcecode.c.h; path = TestClass.h; sourceTree = "<group>"; };
		AFF1A93117563FE000E9E586 /* TestClass.m */ = {isa = PBXFileReference; fileEncoding = 4; lastKnownFileType = sourcecode.c.objc; path = TestClass.m; sourceTree = "<group>"; };
		AFF33E1117A01FD300B1F7ED /* RuntimeUtils.h */ = {isa = PBXFileReference; fileEncoding = 4; lastKnownFileType = sourcecode.c.h; name = RuntimeUtils.h; path = Source/RuntimeUtils.h; sourceTree = "<group>"; };
		AFF33E1217A01FD300B1F7ED /* RuntimeUtils.m */ = {isa = PBXFileReference; fileEncoding = 4; lastKnownFileType = sourcecode.c.objc; name = RuntimeUtils.m; path = Source/RuntimeUtils.m; sourceTree = "<group>"; };
		AFF33E1317A01FD300B1F7ED /* Swizzlean.h */ = {isa = PBXFileReference; fileEncoding = 4; lastKnownFileType = sourcecode.c.h; name = Swizzlean.h; path = Source/Swizzlean.h; sourceTree = "<group>"; };
		AFF33E1417A01FD300B1F7ED /* Swizzlean.m */ = {isa = PBXFileReference; fileEncoding = 4; lastKnownFileType = sourcecode.c.objc; name = Swizzlean.m; path = Source/Swizzlean.m; sourceTree = "<group>"; };
		AFF6351A176396AD0015998B /* RuntimeUtilsSpec.mm */ = {isa = PBXFileReference; fileEncoding = 4; lastKnownFileType = sourcecode.cpp.objcpp; path = RuntimeUtilsSpec.mm; sourceTree = "<group>"; };
/* End PBXFileReference section */

/* Begin PBXFrameworksBuildPhase section */
		AF19C399176543230007D198 /* Frameworks */ = {
			isa = PBXFrameworksBuildPhase;
			buildActionMask = 2147483647;
			files = (
				AF19C39F176543230007D198 /* SenTestingKit.framework in Frameworks */,
				AF19C3A0176543230007D198 /* UIKit.framework in Frameworks */,
				AF19C3A1176543230007D198 /* Foundation.framework in Frameworks */,
			);
			runOnlyForDeploymentPostprocessing = 0;
		};
		AF32F06E174671D400EC79F7 /* Frameworks */ = {
			isa = PBXFrameworksBuildPhase;
			buildActionMask = 2147483647;
			files = (
				AF32F075174671D400EC79F7 /* UIKit.framework in Frameworks */,
				AF32F077174671D400EC79F7 /* Foundation.framework in Frameworks */,
				AF32F079174671D400EC79F7 /* CoreGraphics.framework in Frameworks */,
			);
			runOnlyForDeploymentPostprocessing = 0;
		};
		AF6B25C91746737C006A312B /* Frameworks */ = {
			isa = PBXFrameworksBuildPhase;
			buildActionMask = 2147483647;
			files = (
				AF6B25CD1746737C006A312B /* UIKit.framework in Frameworks */,
				AF6B25CE1746737C006A312B /* Foundation.framework in Frameworks */,
				AF6B25CF1746737C006A312B /* CoreGraphics.framework in Frameworks */,
				AF6B25DA1746737D006A312B /* Cedar-iOS.framework in Frameworks */,
			);
			runOnlyForDeploymentPostprocessing = 0;
		};
/* End PBXFrameworksBuildPhase section */

/* Begin PBXGroup section */
		AF19C3A2176543230007D198 /* IntegrationTests */ = {
			isa = PBXGroup;
			children = (
				AF19C3B41765469C0007D198 /* SwizzleanIntegrationTests.m */,
				AF19C3BD176551690007D198 /* Test Classes */,
				AF19C3A3176543230007D198 /* Supporting Files */,
			);
			path = IntegrationTests;
			sourceTree = "<group>";
		};
		AF19C3A3176543230007D198 /* Supporting Files */ = {
			isa = PBXGroup;
			children = (
				AF19C3A4176543230007D198 /* IntegrationTests-Info.plist */,
				AF19C3A5176543230007D198 /* InfoPlist.strings */,
				AF19C3AB176543230007D198 /* IntegrationTests-Prefix.pch */,
			);
			name = "Supporting Files";
			sourceTree = "<group>";
		};
		AF19C3BD176551690007D198 /* Test Classes */ = {
			isa = PBXGroup;
			children = (
				AF19C3BA176551530007D198 /* IntegrationTestClass.h */,
				AF19C3BB176551530007D198 /* IntegrationTestClass.m */,
			);
			name = "Test Classes";
			sourceTree = "<group>";
		};
		AF32F068174671D400EC79F7 = {
			isa = PBXGroup;
			children = (
				AF97A4D71771FA4000664D38 /* MIT.LICENSE */,
				AFE194DE176F538B0009D34D /* README.md */,
				AF32F07A174671D400EC79F7 /* Swizzlean */,
				AF6B25D01746737C006A312B /* Specs */,
				AF19C3A2176543230007D198 /* IntegrationTests */,
				AF32F073174671D400EC79F7 /* Frameworks */,
				AF32F072174671D400EC79F7 /* Products */,
			);
			sourceTree = "<group>";
		};
		AF32F072174671D400EC79F7 /* Products */ = {
			isa = PBXGroup;
			children = (
				AF32F071174671D400EC79F7 /* Swizzlean.app */,
				AF6B25CC1746737C006A312B /* Specs.app */,
				AF19C39D176543230007D198 /* IntegrationTests.octest */,
			);
			name = Products;
			sourceTree = "<group>";
		};
		AF32F073174671D400EC79F7 /* Frameworks */ = {
			isa = PBXGroup;
			children = (
				AF6B25D91746737D006A312B /* Cedar-iOS.framework */,
				AF32F074174671D400EC79F7 /* UIKit.framework */,
				AF32F076174671D400EC79F7 /* Foundation.framework */,
				AF32F078174671D400EC79F7 /* CoreGraphics.framework */,
				AF19C39E176543230007D198 /* SenTestingKit.framework */,
			);
			name = Frameworks;
			sourceTree = "<group>";
		};
		AF32F07A174671D400EC79F7 /* Swizzlean */ = {
			isa = PBXGroup;
			children = (
				AFF33E1317A01FD300B1F7ED /* Swizzlean.h */,
				AFF33E1417A01FD300B1F7ED /* Swizzlean.m */,
				AFF33E1117A01FD300B1F7ED /* RuntimeUtils.h */,
				AFF33E1217A01FD300B1F7ED /* RuntimeUtils.m */,
				AF7268121774CF8A0073205C /* AppCode */,
				AF32F07B174671D400EC79F7 /* Supporting Files */,
			);
			path = Swizzlean;
			sourceTree = "<group>";
		};
		AF32F07B174671D400EC79F7 /* Supporting Files */ = {
			isa = PBXGroup;
			children = (
				AF32F07C174671D400EC79F7 /* Swizzlean-Info.plist */,
				AF32F07D174671D400EC79F7 /* InfoPlist.strings */,
				AF32F080174671D400EC79F7 /* main.m */,
				AF32F082174671D400EC79F7 /* Swizzlean-Prefix.pch */,
				AF32F086174671D400EC79F7 /* Default.png */,
				AF32F088174671D400EC79F7 /* Default@2x.png */,
				AF32F08A174671D400EC79F7 /* Default-568h@2x.png */,
			);
			name = "Supporting Files";
			sourceTree = "<group>";
		};
		AF6B25D01746737C006A312B /* Specs */ = {
			isa = PBXGroup;
			children = (
				AF6B25E417467514006A312B /* AppDelegateSpec.mm */,
				AF6B25ED1747EC42006A312B /* FirstViewControllerSpec.mm */,
				AF6B25F31747EE66006A312B /* SwizzleanSpec.mm */,
				AFF6351A176396AD0015998B /* RuntimeUtilsSpec.mm */,
				AFF1A933175640CC00E9E586 /* Test Classes */,
				AF6B25D11746737C006A312B /* Supporting Files */,
			);
			path = Specs;
			sourceTree = "<group>";
		};
		AF6B25D11746737C006A312B /* Supporting Files */ = {
			isa = PBXGroup;
			children = (
				AF6B25E0174673CB006A312B /* Default-568h@2x.png */,
				AF6B25D21746737C006A312B /* Specs-Info.plist */,
				AF6B25D31746737C006A312B /* InfoPlist.strings */,
				AF6B25D61746737C006A312B /* main.m */,
				AF6B25D81746737C006A312B /* Specs-Prefix.pch */,
			);
			name = "Supporting Files";
			sourceTree = "<group>";
		};
		AF7268121774CF8A0073205C /* AppCode */ = {
			isa = PBXGroup;
			children = (
				AF32F083174671D400EC79F7 /* AppDelegate.h */,
				AF32F084174671D400EC79F7 /* AppDelegate.m */,
				AF6B25E617467588006A312B /* FirstViewController.h */,
				AF6B25E717467588006A312B /* FirstViewController.m */,
				AF6B25E817467588006A312B /* FirstViewController.xib */,
			);
			name = AppCode;
			sourceTree = "<group>";
		};
		AFF1A933175640CC00E9E586 /* Test Classes */ = {
			isa = PBXGroup;
			children = (
				AFF1A93017563FE000E9E586 /* TestClass.h */,
				AFF1A93117563FE000E9E586 /* TestClass.m */,
			);
			name = "Test Classes";
			sourceTree = "<group>";
		};
/* End PBXGroup section */

/* Begin PBXNativeTarget section */
		AF19C39C176543230007D198 /* IntegrationTests */ = {
			isa = PBXNativeTarget;
			buildConfigurationList = AF19C3AE176543230007D198 /* Build configuration list for PBXNativeTarget "IntegrationTests" */;
			buildPhases = (
				AF19C398176543230007D198 /* Sources */,
				AF19C399176543230007D198 /* Frameworks */,
				AF19C39A176543230007D198 /* Resources */,
				AF19C39B176543230007D198 /* ShellScript */,
			);
			buildRules = (
			);
			dependencies = (
				AF19C3B2176545930007D198 /* PBXTargetDependency */,
			);
			name = IntegrationTests;
			productName = IntegrationTests;
			productReference = AF19C39D176543230007D198 /* IntegrationTests.octest */;
			productType = "com.apple.product-type.bundle";
		};
		AF32F070174671D400EC79F7 /* Swizzlean */ = {
			isa = PBXNativeTarget;
			buildConfigurationList = AF32F08E174671D400EC79F7 /* Build configuration list for PBXNativeTarget "Swizzlean" */;
			buildPhases = (
				AF32F06D174671D400EC79F7 /* Sources */,
				AF32F06E174671D400EC79F7 /* Frameworks */,
				AF32F06F174671D400EC79F7 /* Resources */,
			);
			buildRules = (
			);
			dependencies = (
			);
			name = Swizzlean;
			productName = Swizzlean;
			productReference = AF32F071174671D400EC79F7 /* Swizzlean.app */;
			productType = "com.apple.product-type.application";
		};
		AF6B25CB1746737C006A312B /* Specs */ = {
			isa = PBXNativeTarget;
			buildConfigurationList = AF6B25DF1746737D006A312B /* Build configuration list for PBXNativeTarget "Specs" */;
			buildPhases = (
				AF6B25C81746737C006A312B /* Sources */,
				AF6B25C91746737C006A312B /* Frameworks */,
				AF6B25CA1746737C006A312B /* Resources */,
			);
			buildRules = (
			);
			dependencies = (
			);
			name = Specs;
			productName = Specs;
			productReference = AF6B25CC1746737C006A312B /* Specs.app */;
			productType = "com.apple.product-type.application";
		};
/* End PBXNativeTarget section */

/* Begin PBXProject section */
		AF32F069174671D400EC79F7 /* Project object */ = {
			isa = PBXProject;
			attributes = {
				LastUpgradeCheck = 0460;
				ORGANIZATIONNAME = "RKB Designs";
			};
			buildConfigurationList = AF32F06C174671D400EC79F7 /* Build configuration list for PBXProject "Swizzlean" */;
			compatibilityVersion = "Xcode 3.2";
			developmentRegion = English;
			hasScannedForEncodings = 0;
			knownRegions = (
				en,
			);
			mainGroup = AF32F068174671D400EC79F7;
			productRefGroup = AF32F072174671D400EC79F7 /* Products */;
			projectDirPath = "";
			projectRoot = "";
			targets = (
				AF32F070174671D400EC79F7 /* Swizzlean */,
				AF6B25CB1746737C006A312B /* Specs */,
				AF19C39C176543230007D198 /* IntegrationTests */,
			);
		};
/* End PBXProject section */

/* Begin PBXResourcesBuildPhase section */
		AF19C39A176543230007D198 /* Resources */ = {
			isa = PBXResourcesBuildPhase;
			buildActionMask = 2147483647;
			files = (
				AF19C3A7176543230007D198 /* InfoPlist.strings in Resources */,
			);
			runOnlyForDeploymentPostprocessing = 0;
		};
		AF32F06F174671D400EC79F7 /* Resources */ = {
			isa = PBXResourcesBuildPhase;
			buildActionMask = 2147483647;
			files = (
				AF32F07F174671D400EC79F7 /* InfoPlist.strings in Resources */,
				AF32F087174671D400EC79F7 /* Default.png in Resources */,
				AF32F089174671D400EC79F7 /* Default@2x.png in Resources */,
				AF32F08B174671D400EC79F7 /* Default-568h@2x.png in Resources */,
				AF6B25EB17467588006A312B /* FirstViewController.xib in Resources */,
			);
			runOnlyForDeploymentPostprocessing = 0;
		};
		AF6B25CA1746737C006A312B /* Resources */ = {
			isa = PBXResourcesBuildPhase;
			buildActionMask = 2147483647;
			files = (
				AF6B25D51746737C006A312B /* InfoPlist.strings in Resources */,
				AF6B25E1174673CB006A312B /* Default-568h@2x.png in Resources */,
				AF6B25EC17467588006A312B /* FirstViewController.xib in Resources */,
			);
			runOnlyForDeploymentPostprocessing = 0;
		};
/* End PBXResourcesBuildPhase section */

/* Begin PBXShellScriptBuildPhase section */
		AF19C39B176543230007D198 /* ShellScript */ = {
			isa = PBXShellScriptBuildPhase;
			buildActionMask = 2147483647;
			files = (
			);
			inputPaths = (
			);
			outputPaths = (
			);
			runOnlyForDeploymentPostprocessing = 0;
			shellPath = /bin/sh;
			shellScript = "# Run the unit tests in this test bundle.\n\"${SYSTEM_DEVELOPER_DIR}/Tools/RunUnitTests\"\n";
		};
/* End PBXShellScriptBuildPhase section */

/* Begin PBXSourcesBuildPhase section */
		AF19C398176543230007D198 /* Sources */ = {
			isa = PBXSourcesBuildPhase;
			buildActionMask = 2147483647;
			files = (
				AFF33E1A17A0201300B1F7ED /* Swizzlean.m in Sources */,
				AFF33E1917A0200E00B1F7ED /* RuntimeUtils.m in Sources */,
				AF19C3B51765469C0007D198 /* SwizzleanIntegrationTests.m in Sources */,
				AF19C3BC176551530007D198 /* IntegrationTestClass.m in Sources */,
			);
			runOnlyForDeploymentPostprocessing = 0;
		};
		AF32F06D174671D400EC79F7 /* Sources */ = {
			isa = PBXSourcesBuildPhase;
			buildActionMask = 2147483647;
			files = (
				AFD1566D175BBA6B000A83DF /* TestClass.m in Sources */,
				AF32F081174671D400EC79F7 /* main.m in Sources */,
				AF32F085174671D400EC79F7 /* AppDelegate.m in Sources */,
				AF6B25E917467588006A312B /* FirstViewController.m in Sources */,
				AFF33E1517A01FD300B1F7ED /* RuntimeUtils.m in Sources */,
				AFF33E1617A01FD300B1F7ED /* Swizzlean.m in Sources */,
			);
			runOnlyForDeploymentPostprocessing = 0;
		};
		AF6B25C81746737C006A312B /* Sources */ = {
			isa = PBXSourcesBuildPhase;
			buildActionMask = 2147483647;
			files = (
				AFF33E1817A01FFB00B1F7ED /* RuntimeUtils.m in Sources */,
				AFF33E1717A01FF500B1F7ED /* Swizzlean.m in Sources */,
				AF6B25E21746749B006A312B /* AppDelegate.m in Sources */,
				AF6B25D71746737C006A312B /* main.m in Sources */,
				AF6B25E517467514006A312B /* AppDelegateSpec.mm in Sources */,
				AF6B25EA17467588006A312B /* FirstViewController.m in Sources */,
				AF6B25EE1747EC42006A312B /* FirstViewControllerSpec.mm in Sources */,
				AF6B25F41747EE66006A312B /* SwizzleanSpec.mm in Sources */,
				AFF1A93217563FE000E9E586 /* TestClass.m in Sources */,
				AFF6351B176396AD0015998B /* RuntimeUtilsSpec.mm in Sources */,
			);
			runOnlyForDeploymentPostprocessing = 0;
		};
/* End PBXSourcesBuildPhase section */

/* Begin PBXTargetDependency section */
		AF19C3B2176545930007D198 /* PBXTargetDependency */ = {
			isa = PBXTargetDependency;
			target = AF32F070174671D400EC79F7 /* Swizzlean */;
			targetProxy = AF19C3B1176545930007D198 /* PBXContainerItemProxy */;
		};
/* End PBXTargetDependency section */

/* Begin PBXVariantGroup section */
		AF19C3A5176543230007D198 /* InfoPlist.strings */ = {
			isa = PBXVariantGroup;
			children = (
				AF19C3A6176543230007D198 /* en */,
			);
			name = InfoPlist.strings;
			sourceTree = "<group>";
		};
		AF32F07D174671D400EC79F7 /* InfoPlist.strings */ = {
			isa = PBXVariantGroup;
			children = (
				AF32F07E174671D400EC79F7 /* en */,
			);
			name = InfoPlist.strings;
			sourceTree = "<group>";
		};
		AF6B25D31746737C006A312B /* InfoPlist.strings */ = {
			isa = PBXVariantGroup;
			children = (
				AF6B25D41746737C006A312B /* en */,
			);
			name = InfoPlist.strings;
			sourceTree = "<group>";
		};
/* End PBXVariantGroup section */

/* Begin XCBuildConfiguration section */
		AF19C3AC176543230007D198 /* Debug */ = {
			isa = XCBuildConfiguration;
			buildSettings = {
				FRAMEWORK_SEARCH_PATHS = (
					"\"$(SDKROOT)/Developer/Library/Frameworks\"",
					"\"$(DEVELOPER_LIBRARY_DIR)/Frameworks\"",
				);
				GCC_PRECOMPILE_PREFIX_HEADER = YES;
				GCC_PREFIX_HEADER = "IntegrationTests/IntegrationTests-Prefix.pch";
				INFOPLIST_FILE = "IntegrationTests/IntegrationTests-Info.plist";
				PRODUCT_NAME = "$(TARGET_NAME)";
				WRAPPER_EXTENSION = octest;
			};
			name = Debug;
		};
		AF19C3AD176543230007D198 /* Release */ = {
			isa = XCBuildConfiguration;
			buildSettings = {
				FRAMEWORK_SEARCH_PATHS = (
					"\"$(SDKROOT)/Developer/Library/Frameworks\"",
					"\"$(DEVELOPER_LIBRARY_DIR)/Frameworks\"",
				);
				GCC_PRECOMPILE_PREFIX_HEADER = YES;
				GCC_PREFIX_HEADER = "IntegrationTests/IntegrationTests-Prefix.pch";
				INFOPLIST_FILE = "IntegrationTests/IntegrationTests-Info.plist";
				PRODUCT_NAME = "$(TARGET_NAME)";
				WRAPPER_EXTENSION = octest;
			};
			name = Release;
		};
		AF32F08C174671D400EC79F7 /* Debug */ = {
			isa = XCBuildConfiguration;
			buildSettings = {
				ALWAYS_SEARCH_USER_PATHS = NO;
				CLANG_CXX_LANGUAGE_STANDARD = "gnu++0x";
				CLANG_CXX_LIBRARY = "libc++";
				CLANG_ENABLE_OBJC_ARC = YES;
				CLANG_WARN_CONSTANT_CONVERSION = YES;
				CLANG_WARN_EMPTY_BODY = YES;
				CLANG_WARN_ENUM_CONVERSION = YES;
				CLANG_WARN_INT_CONVERSION = YES;
				CLANG_WARN__DUPLICATE_METHOD_MATCH = YES;
				"CODE_SIGN_IDENTITY[sdk=iphoneos*]" = "iPhone Developer";
				COPY_PHASE_STRIP = NO;
				GCC_C_LANGUAGE_STANDARD = gnu99;
				GCC_DYNAMIC_NO_PIC = NO;
				GCC_OPTIMIZATION_LEVEL = 0;
				GCC_PREPROCESSOR_DEFINITIONS = (
					"DEBUG=1",
					"$(inherited)",
				);
				GCC_SYMBOLS_PRIVATE_EXTERN = NO;
				GCC_WARN_ABOUT_RETURN_TYPE = YES;
				GCC_WARN_UNINITIALIZED_AUTOS = YES;
				GCC_WARN_UNUSED_VARIABLE = YES;
				IPHONEOS_DEPLOYMENT_TARGET = 6.1;
				ONLY_ACTIVE_ARCH = YES;
				SDKROOT = iphoneos;
			};
			name = Debug;
		};
		AF32F08D174671D400EC79F7 /* Release */ = {
			isa = XCBuildConfiguration;
			buildSettings = {
				ALWAYS_SEARCH_USER_PATHS = NO;
				CLANG_CXX_LANGUAGE_STANDARD = "gnu++0x";
				CLANG_CXX_LIBRARY = "libc++";
				CLANG_ENABLE_OBJC_ARC = YES;
				CLANG_WARN_CONSTANT_CONVERSION = YES;
				CLANG_WARN_EMPTY_BODY = YES;
				CLANG_WARN_ENUM_CONVERSION = YES;
				CLANG_WARN_INT_CONVERSION = YES;
				CLANG_WARN__DUPLICATE_METHOD_MATCH = YES;
				"CODE_SIGN_IDENTITY[sdk=iphoneos*]" = "iPhone Developer";
				COPY_PHASE_STRIP = YES;
				GCC_C_LANGUAGE_STANDARD = gnu99;
				GCC_WARN_ABOUT_RETURN_TYPE = YES;
				GCC_WARN_UNINITIALIZED_AUTOS = YES;
				GCC_WARN_UNUSED_VARIABLE = YES;
				IPHONEOS_DEPLOYMENT_TARGET = 6.1;
				OTHER_CFLAGS = "-DNS_BLOCK_ASSERTIONS=1";
				SDKROOT = iphoneos;
				VALIDATE_PRODUCT = YES;
			};
			name = Release;
		};
		AF32F08F174671D400EC79F7 /* Debug */ = {
			isa = XCBuildConfiguration;
			buildSettings = {
				GCC_PRECOMPILE_PREFIX_HEADER = YES;
				GCC_PREFIX_HEADER = "Swizzlean/Swizzlean-Prefix.pch";
				INFOPLIST_FILE = "Swizzlean/Swizzlean-Info.plist";
				PRODUCT_NAME = "$(TARGET_NAME)";
				WRAPPER_EXTENSION = app;
			};
			name = Debug;
		};
		AF32F090174671D400EC79F7 /* Release */ = {
			isa = XCBuildConfiguration;
			buildSettings = {
				GCC_PRECOMPILE_PREFIX_HEADER = YES;
				GCC_PREFIX_HEADER = "Swizzlean/Swizzlean-Prefix.pch";
				INFOPLIST_FILE = "Swizzlean/Swizzlean-Info.plist";
				PRODUCT_NAME = "$(TARGET_NAME)";
				WRAPPER_EXTENSION = app;
			};
			name = Release;
		};
		AF6B25DD1746737D006A312B /* Debug */ = {
			isa = XCBuildConfiguration;
			buildSettings = {
				"CODE_SIGN_IDENTITY[sdk=iphoneos*]" = "iPhone Developer";
				FRAMEWORK_SEARCH_PATHS = (
					"$(inherited)",
					"\"$(SRCROOT)/Specs/Frameworks\"",
				);
				GCC_PRECOMPILE_PREFIX_HEADER = YES;
				GCC_PREFIX_HEADER = "Specs/Specs-Prefix.pch";
				INFOPLIST_FILE = "Specs/Specs-Info.plist";
				OTHER_LDFLAGS = (
					"-ObjC",
					"-all_load",
					"-lstdc++",
				);
				PRODUCT_NAME = "$(TARGET_NAME)";
				WRAPPER_EXTENSION = app;
			};
			name = Debug;
		};
		AF6B25DE1746737D006A312B /* Release */ = {
			isa = XCBuildConfiguration;
			buildSettings = {
				"CODE_SIGN_IDENTITY[sdk=iphoneos*]" = "iPhone Developer";
				FRAMEWORK_SEARCH_PATHS = (
					"$(inherited)",
					"\"$(SRCROOT)/Specs/Frameworks\"",
				);
				GCC_PRECOMPILE_PREFIX_HEADER = YES;
				GCC_PREFIX_HEADER = "Specs/Specs-Prefix.pch";
				INFOPLIST_FILE = "Specs/Specs-Info.plist";
				OTHER_CFLAGS = "-DNS_BLOCK_ASSERTIONS=1";
				OTHER_LDFLAGS = (
					"-ObjC",
					"-all_load",
					"-lstdc++",
				);
				PRODUCT_NAME = "$(TARGET_NAME)";
				WRAPPER_EXTENSION = app;
			};
			name = Release;
		};
/* End XCBuildConfiguration section */

/* Begin XCConfigurationList section */
		AF19C3AE176543230007D198 /* Build configuration list for PBXNativeTarget "IntegrationTests" */ = {
			isa = XCConfigurationList;
			buildConfigurations = (
				AF19C3AC176543230007D198 /* Debug */,
				AF19C3AD176543230007D198 /* Release */,
			);
			defaultConfigurationIsVisible = 0;
			defaultConfigurationName = Release;
		};
		AF32F06C174671D400EC79F7 /* Build configuration list for PBXProject "Swizzlean" */ = {
			isa = XCConfigurationList;
			buildConfigurations = (
				AF32F08C174671D400EC79F7 /* Debug */,
				AF32F08D174671D400EC79F7 /* Release */,
			);
			defaultConfigurationIsVisible = 0;
			defaultConfigurationName = Release;
		};
		AF32F08E174671D400EC79F7 /* Build configuration list for PBXNativeTarget "Swizzlean" */ = {
			isa = XCConfigurationList;
			buildConfigurations = (
				AF32F08F174671D400EC79F7 /* Debug */,
				AF32F090174671D400EC79F7 /* Release */,
			);
			defaultConfigurationIsVisible = 0;
			defaultConfigurationName = Release;
		};
		AF6B25DF1746737D006A312B /* Build configuration list for PBXNativeTarget "Specs" */ = {
			isa = XCConfigurationList;
			buildConfigurations = (
				AF6B25DD1746737D006A312B /* Debug */,
				AF6B25DE1746737D006A312B /* Release */,
			);
			defaultConfigurationIsVisible = 0;
			defaultConfigurationName = Release;
		};
/* End XCConfigurationList section */
	};
	rootObject = AF32F069174671D400EC79F7 /* Project object */;
}
